
Microsoft Visual Studio Solution File, Format Version 12.00
# Visual Studio Version 17
VisualStudioVersion = 17.6.33815.320
MinimumVisualStudioVersion = 10.0.40219.1
Project("{9A19103F-16F7-4668-BE54-9A1E7A4F7556}") = "ClayKef", "ClayKef\ClayKef.csproj", "{0A41F055-A0BF-492D-929B-B308242D7456}"
EndProject
Project("{9A19103F-16F7-4668-BE54-9A1E7A4F7556}") = "DAL", "DAL\DAL.csproj", "{C7F8D7E4-8AEC-4F05-AEE9-774E7D127A4F}"
EndProject
Project("{9A19103F-16F7-4668-BE54-9A1E7A4F7556}") = "BLL", "BLL\BLL.csproj", "{760769F6-A0A9-4092-937E-82607F5B0AC5}"
EndProject
Project("{FAE04EC0-301F-11D3-BF4B-00C04F79EFBC}") = "Common", "Common\Common.csproj", "{C0A1C59D-1F69-434F-B53A-DF160F98F168}"
EndProject
Global
	GlobalSection(SolutionConfigurationPlatforms) = preSolution
		Debug|Any CPU = Debug|Any CPU
		Release|Any CPU = Release|Any CPU
	EndGlobalSection
	GlobalSection(ProjectConfigurationPlatforms) = postSolution
		{0A41F055-A0BF-492D-929B-B308242D7456}.Debug|Any CPU.ActiveCfg = Debug|Any CPU
		{0A41F055-A0BF-492D-929B-B308242D7456}.Debug|Any CPU.Build.0 = Debug|Any CPU
		{0A41F055-A0BF-492D-929B-B308242D7456}.Release|Any CPU.ActiveCfg = Release|Any CPU
		{0A41F055-A0BF-492D-929B-B308242D7456}.Release|Any CPU.Build.0 = Release|Any CPU
		{C7F8D7E4-8AEC-4F05-AEE9-774E7D127A4F}.Debug|Any CPU.ActiveCfg = Debug|Any CPU
		{C7F8D7E4-8AEC-4F05-AEE9-774E7D127A4F}.Debug|Any CPU.Build.0 = Debug|Any CPU
		{C7F8D7E4-8AEC-4F05-AEE9-774E7D127A4F}.Release|Any CPU.ActiveCfg = Release|Any CPU
		{C7F8D7E4-8AEC-4F05-AEE9-774E7D127A4F}.Release|Any CPU.Build.0 = Release|Any CPU
		{760769F6-A0A9-4092-937E-82607F5B0AC5}.Debug|Any CPU.ActiveCfg = Debug|Any CPU
		{760769F6-A0A9-4092-937E-82607F5B0AC5}.Debug|Any CPU.Build.0 = Debug|Any CPU
		{760769F6-A0A9-4092-937E-82607F5B0AC5}.Release|Any CPU.ActiveCfg = Release|Any CPU
		{760769F6-A0A9-4092-937E-82607F5B0AC5}.Release|Any CPU.Build.0 = Release|Any CPU
		{C0A1C59D-1F69-434F-B53A-DF160F98F168}.Debug|Any CPU.ActiveCfg = Debug|Any CPU
		{C0A1C59D-1F69-434F-B53A-DF160F98F168}.Debug|Any CPU.Build.0 = Debug|Any CPU
		{C0A1C59D-1F69-434F-B53A-DF160F98F168}.Release|Any CPU.ActiveCfg = Release|Any CPU
		{C0A1C59D-1F69-434F-B53A-DF160F98F168}.Release|Any CPU.Build.0 = Release|Any CPU
	EndGlobalSection
	GlobalSection(SolutionProperties) = preSolution
		HideSolutionNode = FALSE
	EndGlobalSection
	GlobalSection(ExtensibilityGlobals) = postSolution
		SolutionGuid = {B4AF7F15-63BE-4720-80AE-5F2191087164}
	EndGlobalSection
EndGlobal
